
Microsoft Visual Studio Solution File, Format Version 12.00
# Visual Studio Version 17
VisualStudioVersion = 17.7.34031.279
MinimumVisualStudioVersion = 10.0.40219.1
Project("{FAE04EC0-301F-11D3-BF4B-00C04F79EFBC}") = "2048ForWpf", "2048ForWpf\2048ForWpf.csproj", "{3789FDCF-6A67-4102-B28D-D822E50630EC}"
EndProject
Global
	GlobalSection(SolutionConfigurationPlatforms) = preSolution
		Debug|Any CPU = Debug|Any CPU
		Release|Any CPU = Release|Any CPU
	EndGlobalSection
	GlobalSection(ProjectConfigurationPlatforms) = postSolution
		{3789FDCF-6A67-4102-B28D-D822E50630EC}.Debug|Any CPU.ActiveCfg = Debug|Any CPU
		{3789FDCF-6A67-4102-B28D-D822E50630EC}.Debug|Any CPU.Build.0 = Debug|Any CPU
		{3789FDCF-6A67-4102-B28D-D822E50630EC}.Release|Any CPU.ActiveCfg = Release|Any CPU
		{3789FDCF-6A67-4102-B28D-D822E50630EC}.Release|Any CPU.Build.0 = Release|Any CPU
	EndGlobalSection
	GlobalSection(SolutionProperties) = preSolution
		HideSolutionNode = FALSE
	EndGlobalSection
	GlobalSection(ExtensibilityGlobals) = postSolution
		SolutionGuid = {D3CCE605-8BB0-4C0B-ACBD-FEEC123AC7B7}
	EndGlobalSection
EndGlobal
